
Microsoft Visual Studio Solution File, Format Version 12.00
# Visual Studio 14
VisualStudioVersion = 14.0.24720.0
MinimumVisualStudioVersion = 10.0.40219.1
Project("{D954291E-2A0B-460D-934E-DC6B0785DB48}") = "Zermelo.App.Shared", "Zermelo.App.Shared\Zermelo.App.Shared.shproj", "{89ADBBBD-5B4F-4E94-9A5E-8A0F44596BD0}"
EndProject
Project("{FAE04EC0-301F-11D3-BF4B-00C04F79EFBC}") = "Zermelo.App.WP", "Zermelo.App.WP\Zermelo.App.WP.csproj", "{99658B1F-D86C-41CF-9D96-0D3C4FB64C44}"
EndProject
Project("{FAE04EC0-301F-11D3-BF4B-00C04F79EFBC}") = "Zermelo.API", "Zermelo.API\Zermelo.API.csproj", "{06A3B817-06DA-499A-BD8E-E4C4DA8E3EA7}"
EndProject
Project("{2150E333-8FDC-42A3-9474-1A3956D46DE8}") = "Source", "Source", "{FAD881C3-944F-4724-BC36-6CEB3E9E0E0D}"
EndProject
Project("{2150E333-8FDC-42A3-9474-1A3956D46DE8}") = "Test", "Test", "{E117FD22-4C67-42B4-9829-46EF77EE2691}"
EndProject
Project("{FAE04EC0-301F-11D3-BF4B-00C04F79EFBC}") = "Zermelo.API.Tests", "Zermelo.API.Tests\Zermelo.API.Tests.csproj", "{198B3493-85E9-419A-8F8A-81B019A19994}"
EndProject
Project("{FAE04EC0-301F-11D3-BF4B-00C04F79EFBC}") = "Zermelo.App.WP.Tests", "Zermelo.App.WP.Tests\Zermelo.App.WP.Tests.csproj", "{C1B41217-AF22-4B4C-B0B3-CA45A254F355}"
EndProject
Global
	GlobalSection(SharedMSBuildProjectFiles) = preSolution
		Zermelo.App.Shared\Zermelo.App.Shared.projitems*{99658b1f-d86c-41cf-9d96-0d3c4fb64c44}*SharedItemsImports = 4
		Zermelo.App.Shared\Zermelo.App.Shared.projitems*{89adbbbd-5b4f-4e94-9a5e-8a0f44596bd0}*SharedItemsImports = 13
	EndGlobalSection
	GlobalSection(SolutionConfigurationPlatforms) = preSolution
		Debug|Any CPU = Debug|Any CPU
		Debug|ARM = Debug|ARM
		Debug|x64 = Debug|x64
		Debug|x86 = Debug|x86
		Release|Any CPU = Release|Any CPU
		Release|ARM = Release|ARM
		Release|x64 = Release|x64
		Release|x86 = Release|x86
	EndGlobalSection
	GlobalSection(ProjectConfigurationPlatforms) = postSolution
		{99658B1F-D86C-41CF-9D96-0D3C4FB64C44}.Debug|Any CPU.ActiveCfg = Debug|Any CPU
		{99658B1F-D86C-41CF-9D96-0D3C4FB64C44}.Debug|Any CPU.Build.0 = Debug|Any CPU
		{99658B1F-D86C-41CF-9D96-0D3C4FB64C44}.Debug|Any CPU.Deploy.0 = Debug|Any CPU
		{99658B1F-D86C-41CF-9D96-0D3C4FB64C44}.Debug|ARM.ActiveCfg = Debug|ARM
		{99658B1F-D86C-41CF-9D96-0D3C4FB64C44}.Debug|ARM.Build.0 = Debug|ARM
		{99658B1F-D86C-41CF-9D96-0D3C4FB64C44}.Debug|ARM.Deploy.0 = Debug|ARM
		{99658B1F-D86C-41CF-9D96-0D3C4FB64C44}.Debug|x64.ActiveCfg = Debug|Any CPU
		{99658B1F-D86C-41CF-9D96-0D3C4FB64C44}.Debug|x64.Build.0 = Debug|Any CPU
		{99658B1F-D86C-41CF-9D96-0D3C4FB64C44}.Debug|x64.Deploy.0 = Debug|Any CPU
		{99658B1F-D86C-41CF-9D96-0D3C4FB64C44}.Debug|x86.ActiveCfg = Debug|x86
		{99658B1F-D86C-41CF-9D96-0D3C4FB64C44}.Debug|x86.Build.0 = Debug|x86
		{99658B1F-D86C-41CF-9D96-0D3C4FB64C44}.Debug|x86.Deploy.0 = Debug|x86
		{99658B1F-D86C-41CF-9D96-0D3C4FB64C44}.Release|Any CPU.ActiveCfg = Release|Any CPU
		{99658B1F-D86C-41CF-9D96-0D3C4FB64C44}.Release|Any CPU.Build.0 = Release|Any CPU
		{99658B1F-D86C-41CF-9D96-0D3C4FB64C44}.Release|Any CPU.Deploy.0 = Release|Any CPU
		{99658B1F-D86C-41CF-9D96-0D3C4FB64C44}.Release|ARM.ActiveCfg = Release|ARM
		{99658B1F-D86C-41CF-9D96-0D3C4FB64C44}.Release|ARM.Build.0 = Release|ARM
		{99658B1F-D86C-41CF-9D96-0D3C4FB64C44}.Release|ARM.Deploy.0 = Release|ARM
		{99658B1F-D86C-41CF-9D96-0D3C4FB64C44}.Release|x64.ActiveCfg = Release|Any CPU
		{99658B1F-D86C-41CF-9D96-0D3C4FB64C44}.Release|x64.Build.0 = Release|Any CPU
		{99658B1F-D86C-41CF-9D96-0D3C4FB64C44}.Release|x64.Deploy.0 = Release|Any CPU
		{99658B1F-D86C-41CF-9D96-0D3C4FB64C44}.Release|x86.ActiveCfg = Release|x86
		{99658B1F-D86C-41CF-9D96-0D3C4FB64C44}.Release|x86.Build.0 = Release|x86
		{99658B1F-D86C-41CF-9D96-0D3C4FB64C44}.Release|x86.Deploy.0 = Release|x86
		{06A3B817-06DA-499A-BD8E-E4C4DA8E3EA7}.Debug|Any CPU.ActiveCfg = Debug|Any CPU
		{06A3B817-06DA-499A-BD8E-E4C4DA8E3EA7}.Debug|Any CPU.Build.0 = Debug|Any CPU
		{06A3B817-06DA-499A-BD8E-E4C4DA8E3EA7}.Debug|ARM.ActiveCfg = Debug|Any CPU
		{06A3B817-06DA-499A-BD8E-E4C4DA8E3EA7}.Debug|ARM.Build.0 = Debug|Any CPU
		{06A3B817-06DA-499A-BD8E-E4C4DA8E3EA7}.Debug|x64.ActiveCfg = Debug|Any CPU
		{06A3B817-06DA-499A-BD8E-E4C4DA8E3EA7}.Debug|x64.Build.0 = Debug|Any CPU
		{06A3B817-06DA-499A-BD8E-E4C4DA8E3EA7}.Debug|x86.ActiveCfg = Debug|Any CPU
		{06A3B817-06DA-499A-BD8E-E4C4DA8E3EA7}.Debug|x86.Build.0 = Debug|Any CPU
		{06A3B817-06DA-499A-BD8E-E4C4DA8E3EA7}.Release|Any CPU.ActiveCfg = Release|Any CPU
		{06A3B817-06DA-499A-BD8E-E4C4DA8E3EA7}.Release|Any CPU.Build.0 = Release|Any CPU
		{06A3B817-06DA-499A-BD8E-E4C4DA8E3EA7}.Release|ARM.ActiveCfg = Release|Any CPU
		{06A3B817-06DA-499A-BD8E-E4C4DA8E3EA7}.Release|ARM.Build.0 = Release|Any CPU
		{06A3B817-06DA-499A-BD8E-E4C4DA8E3EA7}.Release|x64.ActiveCfg = Release|Any CPU
		{06A3B817-06DA-499A-BD8E-E4C4DA8E3EA7}.Release|x64.Build.0 = Release|Any CPU
		{06A3B817-06DA-499A-BD8E-E4C4DA8E3EA7}.Release|x86.ActiveCfg = Release|Any CPU
		{06A3B817-06DA-499A-BD8E-E4C4DA8E3EA7}.Release|x86.Build.0 = Release|Any CPU
		{198B3493-85E9-419A-8F8A-81B019A19994}.Debug|Any CPU.ActiveCfg = Debug|Any CPU
		{198B3493-85E9-419A-8F8A-81B019A19994}.Debug|Any CPU.Build.0 = Debug|Any CPU
		{198B3493-85E9-419A-8F8A-81B019A19994}.Debug|ARM.ActiveCfg = Debug|Any CPU
		{198B3493-85E9-419A-8F8A-81B019A19994}.Debug|ARM.Build.0 = Debug|Any CPU
		{198B3493-85E9-419A-8F8A-81B019A19994}.Debug|x64.ActiveCfg = Debug|Any CPU
		{198B3493-85E9-419A-8F8A-81B019A19994}.Debug|x64.Build.0 = Debug|Any CPU
		{198B3493-85E9-419A-8F8A-81B019A19994}.Debug|x86.ActiveCfg = Debug|Any CPU
		{198B3493-85E9-419A-8F8A-81B019A19994}.Debug|x86.Build.0 = Debug|Any CPU
		{198B3493-85E9-419A-8F8A-81B019A19994}.Release|Any CPU.ActiveCfg = Release|Any CPU
		{198B3493-85E9-419A-8F8A-81B019A19994}.Release|Any CPU.Build.0 = Release|Any CPU
		{198B3493-85E9-419A-8F8A-81B019A19994}.Release|ARM.ActiveCfg = Release|Any CPU
		{198B3493-85E9-419A-8F8A-81B019A19994}.Release|ARM.Build.0 = Release|Any CPU
		{198B3493-85E9-419A-8F8A-81B019A19994}.Release|x64.ActiveCfg = Release|Any CPU
		{198B3493-85E9-419A-8F8A-81B019A19994}.Release|x64.Build.0 = Release|Any CPU
		{198B3493-85E9-419A-8F8A-81B019A19994}.Release|x86.ActiveCfg = Release|Any CPU
		{198B3493-85E9-419A-8F8A-81B019A19994}.Release|x86.Build.0 = Release|Any CPU
		{C1B41217-AF22-4B4C-B0B3-CA45A254F355}.Debug|Any CPU.ActiveCfg = Debug|x86
		{C1B41217-AF22-4B4C-B0B3-CA45A254F355}.Debug|ARM.ActiveCfg = Debug|ARM
		{C1B41217-AF22-4B4C-B0B3-CA45A254F355}.Debug|ARM.Build.0 = Debug|ARM
		{C1B41217-AF22-4B4C-B0B3-CA45A254F355}.Debug|ARM.Deploy.0 = Debug|ARM
		{C1B41217-AF22-4B4C-B0B3-CA45A254F355}.Debug|x64.ActiveCfg = Debug|x86
		{C1B41217-AF22-4B4C-B0B3-CA45A254F355}.Debug|x86.ActiveCfg = Debug|x86
		{C1B41217-AF22-4B4C-B0B3-CA45A254F355}.Debug|x86.Build.0 = Debug|x86
		{C1B41217-AF22-4B4C-B0B3-CA45A254F355}.Debug|x86.Deploy.0 = Debug|x86
		{C1B41217-AF22-4B4C-B0B3-CA45A254F355}.Release|Any CPU.ActiveCfg = Release|x86
		{C1B41217-AF22-4B4C-B0B3-CA45A254F355}.Release|ARM.ActiveCfg = Release|ARM
		{C1B41217-AF22-4B4C-B0B3-CA45A254F355}.Release|ARM.Build.0 = Release|ARM
		{C1B41217-AF22-4B4C-B0B3-CA45A254F355}.Release|ARM.Deploy.0 = Release|ARM
		{C1B41217-AF22-4B4C-B0B3-CA45A254F355}.Release|x64.ActiveCfg = Release|x86
		{C1B41217-AF22-4B4C-B0B3-CA45A254F355}.Release|x86.ActiveCfg = Release|x86
		{C1B41217-AF22-4B4C-B0B3-CA45A254F355}.Release|x86.Build.0 = Release|x86
		{C1B41217-AF22-4B4C-B0B3-CA45A254F355}.Release|x86.Deploy.0 = Release|x86
	EndGlobalSection
	GlobalSection(SolutionProperties) = preSolution
		HideSolutionNode = FALSE
	EndGlobalSection
	GlobalSection(NestedProjects) = preSolution
		{89ADBBBD-5B4F-4E94-9A5E-8A0F44596BD0} = {FAD881C3-944F-4724-BC36-6CEB3E9E0E0D}
		{99658B1F-D86C-41CF-9D96-0D3C4FB64C44} = {FAD881C3-944F-4724-BC36-6CEB3E9E0E0D}
		{06A3B817-06DA-499A-BD8E-E4C4DA8E3EA7} = {FAD881C3-944F-4724-BC36-6CEB3E9E0E0D}
		{198B3493-85E9-419A-8F8A-81B019A19994} = {E117FD22-4C67-42B4-9829-46EF77EE2691}
		{C1B41217-AF22-4B4C-B0B3-CA45A254F355} = {E117FD22-4C67-42B4-9829-46EF77EE2691}
	EndGlobalSection
EndGlobal
